
Microsoft Visual Studio Solution File, Format Version 11.00
# Visual Studio 2010
Project("{FAE04EC0-301F-11D3-BF4B-00C04F79EFBC}") = "ShapeApp1", "ShapeApp1.csproj", "{10492E40-DFC3-4CA4-808D-A9424E2B2E55}"
EndProject
Project("{FAE04EC0-301F-11D3-BF4B-00C04F79EFBC}") = "ShapeLib", "..\ShapeLib\ShapeLib.csproj", "{6ECE2040-221D-4149-ADD4-434C7B108A22}"
EndProject
Project("{FAE04EC0-301F-11D3-BF4B-00C04F79EFBC}") = "LoginLib", "..\LoginLib\LoginLib.csproj", "{557C8C60-03E3-4A31-A951-1B84CD310555}"
EndProject
Project("{FAE04EC0-301F-11D3-BF4B-00C04F79EFBC}") = "WpfApplication1", "..\WpfApplication1\WpfApplication1.csproj", "{332F0919-39CB-46E7-919C-2CD5F39CB047}"
EndProject
Global
	GlobalSection(SolutionConfigurationPlatforms) = preSolution
		Debug|Any CPU = Debug|Any CPU
		Debug|Mixed Platforms = Debug|Mixed Platforms
		Debug|x86 = Debug|x86
		Release|Any CPU = Release|Any CPU
		Release|Mixed Platforms = Release|Mixed Platforms
		Release|x86 = Release|x86
	EndGlobalSection
	GlobalSection(ProjectConfigurationPlatforms) = postSolution
		{10492E40-DFC3-4CA4-808D-A9424E2B2E55}.Debug|Any CPU.ActiveCfg = Debug|x86
		{10492E40-DFC3-4CA4-808D-A9424E2B2E55}.Debug|Mixed Platforms.ActiveCfg = Debug|x86
		{10492E40-DFC3-4CA4-808D-A9424E2B2E55}.Debug|Mixed Platforms.Build.0 = Debug|x86
		{10492E40-DFC3-4CA4-808D-A9424E2B2E55}.Debug|x86.ActiveCfg = Debug|x86
		{10492E40-DFC3-4CA4-808D-A9424E2B2E55}.Debug|x86.Build.0 = Debug|x86
		{10492E40-DFC3-4CA4-808D-A9424E2B2E55}.Release|Any CPU.ActiveCfg = Release|x86
		{10492E40-DFC3-4CA4-808D-A9424E2B2E55}.Release|Mixed Platforms.ActiveCfg = Release|x86
		{10492E40-DFC3-4CA4-808D-A9424E2B2E55}.Release|Mixed Platforms.Build.0 = Release|x86
		{10492E40-DFC3-4CA4-808D-A9424E2B2E55}.Release|x86.ActiveCfg = Release|x86
		{10492E40-DFC3-4CA4-808D-A9424E2B2E55}.Release|x86.Build.0 = Release|x86
		{6ECE2040-221D-4149-ADD4-434C7B108A22}.Debug|Any CPU.ActiveCfg = Debug|Any CPU
		{6ECE2040-221D-4149-ADD4-434C7B108A22}.Debug|Any CPU.Build.0 = Debug|Any CPU
		{6ECE2040-221D-4149-ADD4-434C7B108A22}.Debug|Mixed Platforms.ActiveCfg = Debug|Any CPU
		{6ECE2040-221D-4149-ADD4-434C7B108A22}.Debug|Mixed Platforms.Build.0 = Debug|Any CPU
		{6ECE2040-221D-4149-ADD4-434C7B108A22}.Debug|x86.ActiveCfg = Debug|Any CPU
		{6ECE2040-221D-4149-ADD4-434C7B108A22}.Release|Any CPU.ActiveCfg = Release|Any CPU
		{6ECE2040-221D-4149-ADD4-434C7B108A22}.Release|Any CPU.Build.0 = Release|Any CPU
		{6ECE2040-221D-4149-ADD4-434C7B108A22}.Release|Mixed Platforms.ActiveCfg = Release|Any CPU
		{6ECE2040-221D-4149-ADD4-434C7B108A22}.Release|Mixed Platforms.Build.0 = Release|Any CPU
		{6ECE2040-221D-4149-ADD4-434C7B108A22}.Release|x86.ActiveCfg = Release|Any CPU
		{557C8C60-03E3-4A31-A951-1B84CD310555}.Debug|Any CPU.ActiveCfg = Debug|Any CPU
		{557C8C60-03E3-4A31-A951-1B84CD310555}.Debug|Any CPU.Build.0 = Debug|Any CPU
		{557C8C60-03E3-4A31-A951-1B84CD310555}.Debug|Mixed Platforms.ActiveCfg = Debug|Any CPU
		{557C8C60-03E3-4A31-A951-1B84CD310555}.Debug|Mixed Platforms.Build.0 = Debug|Any CPU
		{557C8C60-03E3-4A31-A951-1B84CD310555}.Debug|x86.ActiveCfg = Debug|Any CPU
		{557C8C60-03E3-4A31-A951-1B84CD310555}.Release|Any CPU.ActiveCfg = Release|Any CPU
		{557C8C60-03E3-4A31-A951-1B84CD310555}.Release|Any CPU.Build.0 = Release|Any CPU
		{557C8C60-03E3-4A31-A951-1B84CD310555}.Release|Mixed Platforms.ActiveCfg = Release|Any CPU
		{557C8C60-03E3-4A31-A951-1B84CD310555}.Release|Mixed Platforms.Build.0 = Release|Any CPU
		{557C8C60-03E3-4A31-A951-1B84CD310555}.Release|x86.ActiveCfg = Release|Any CPU
		{332F0919-39CB-46E7-919C-2CD5F39CB047}.Debug|Any CPU.ActiveCfg = Debug|x86
		{332F0919-39CB-46E7-919C-2CD5F39CB047}.Debug|Mixed Platforms.ActiveCfg = Debug|x86
		{332F0919-39CB-46E7-919C-2CD5F39CB047}.Debug|Mixed Platforms.Build.0 = Debug|x86
		{332F0919-39CB-46E7-919C-2CD5F39CB047}.Debug|x86.ActiveCfg = Debug|x86
		{332F0919-39CB-46E7-919C-2CD5F39CB047}.Debug|x86.Build.0 = Debug|x86
		{332F0919-39CB-46E7-919C-2CD5F39CB047}.Release|Any CPU.ActiveCfg = Release|x86
		{332F0919-39CB-46E7-919C-2CD5F39CB047}.Release|Mixed Platforms.ActiveCfg = Release|x86
		{332F0919-39CB-46E7-919C-2CD5F39CB047}.Release|Mixed Platforms.Build.0 = Release|x86
		{332F0919-39CB-46E7-919C-2CD5F39CB047}.Release|x86.ActiveCfg = Release|x86
		{332F0919-39CB-46E7-919C-2CD5F39CB047}.Release|x86.Build.0 = Release|x86
	EndGlobalSection
	GlobalSection(SolutionProperties) = preSolution
		HideSolutionNode = FALSE
	EndGlobalSection
EndGlobal
